
Microsoft Visual Studio Solution File, Format Version 11.00
# Visual Studio 2010
Project("{FAE04EC0-301F-11D3-BF4B-00C04F79EFBC}") = "Assembly-CSharp", "Assembly-CSharp.csproj", "{a76f241e-da7a-8063-0122-e7550e5be9ef}"
EndProject
Project("{FAE04EC0-301F-11D3-BF4B-00C04F79EFBC}") = "AmplifyShaderEditor", "AmplifyShaderEditor.csproj", "{4ec91b8d-f978-bce9-e373-8fb2ffa572d4}"
EndProject
Project("{FAE04EC0-301F-11D3-BF4B-00C04F79EFBC}") = "Assembly-CSharp-Editor", "Assembly-CSharp-Editor.csproj", "{356132b9-c20f-547a-1101-8cdb2d880cd2}"
EndProject
Global
	GlobalSection(SolutionConfigurationPlatforms) = preSolution
		Debug|Any CPU = Debug|Any CPU
		Release|Any CPU = Release|Any CPU
	EndGlobalSection
	GlobalSection(ProjectConfigurationPlatforms) = postSolution
		{a76f241e-da7a-8063-0122-e7550e5be9ef}.Debug|Any CPU.ActiveCfg = Debug|Any CPU
		{a76f241e-da7a-8063-0122-e7550e5be9ef}.Debug|Any CPU.Build.0 = Debug|Any CPU
		{a76f241e-da7a-8063-0122-e7550e5be9ef}.Release|Any CPU.ActiveCfg = Release|Any CPU
		{a76f241e-da7a-8063-0122-e7550e5be9ef}.Release|Any CPU.Build.0 = Release|Any CPU
		{4ec91b8d-f978-bce9-e373-8fb2ffa572d4}.Debug|Any CPU.ActiveCfg = Debug|Any CPU
		{4ec91b8d-f978-bce9-e373-8fb2ffa572d4}.Debug|Any CPU.Build.0 = Debug|Any CPU
		{4ec91b8d-f978-bce9-e373-8fb2ffa572d4}.Release|Any CPU.ActiveCfg = Release|Any CPU
		{4ec91b8d-f978-bce9-e373-8fb2ffa572d4}.Release|Any CPU.Build.0 = Release|Any CPU
		{356132b9-c20f-547a-1101-8cdb2d880cd2}.Debug|Any CPU.ActiveCfg = Debug|Any CPU
		{356132b9-c20f-547a-1101-8cdb2d880cd2}.Debug|Any CPU.Build.0 = Debug|Any CPU
		{356132b9-c20f-547a-1101-8cdb2d880cd2}.Release|Any CPU.ActiveCfg = Release|Any CPU
		{356132b9-c20f-547a-1101-8cdb2d880cd2}.Release|Any CPU.Build.0 = Release|Any CPU
	EndGlobalSection
	GlobalSection(SolutionProperties) = preSolution
		HideSolutionNode = FALSE
	EndGlobalSection
EndGlobal
